
Microsoft Visual Studio Solution File, Format Version 12.00
# Visual Studio Version 16
VisualStudioVersion = 16.0.29123.88
MinimumVisualStudioVersion = 10.0.40219.1
Project("{FAE04EC0-301F-11D3-BF4B-00C04F79EFBC}") = "Lab13RockPaperScissors", "Lab13RockPaperScissors\Lab13RockPaperScissors.csproj", "{9D99988D-3EB1-4725-BBA2-2166994EB50E}"
EndProject
Global
	GlobalSection(SolutionConfigurationPlatforms) = preSolution
		Debug|Any CPU = Debug|Any CPU
		Release|Any CPU = Release|Any CPU
	EndGlobalSection
	GlobalSection(ProjectConfigurationPlatforms) = postSolution
		{9D99988D-3EB1-4725-BBA2-2166994EB50E}.Debug|Any CPU.ActiveCfg = Debug|Any CPU
		{9D99988D-3EB1-4725-BBA2-2166994EB50E}.Debug|Any CPU.Build.0 = Debug|Any CPU
		{9D99988D-3EB1-4725-BBA2-2166994EB50E}.Release|Any CPU.ActiveCfg = Release|Any CPU
		{9D99988D-3EB1-4725-BBA2-2166994EB50E}.Release|Any CPU.Build.0 = Release|Any CPU
	EndGlobalSection
	GlobalSection(SolutionProperties) = preSolution
		HideSolutionNode = FALSE
	EndGlobalSection
	GlobalSection(ExtensibilityGlobals) = postSolution
		SolutionGuid = {875C1A5F-CF23-4858-8069-22F0C594D6AF}
	EndGlobalSection
EndGlobal
